
Microsoft Visual Studio Solution File, Format Version 12.00
# Visual Studio Version 16
VisualStudioVersion = 16.0.32630.194
MinimumVisualStudioVersion = 10.0.40219.1
Project("{9092AA53-FB77-4645-B42D-1CCCA6BD08BD}") = "NodejsWebApp1", "NodejsWebApp1.njsproj", "{28CF94F7-26CF-48EE-969E-13ADDB78378B}"
EndProject
Global
	GlobalSection(SolutionConfigurationPlatforms) = preSolution
		Debug|Any CPU = Debug|Any CPU
		Release|Any CPU = Release|Any CPU
	EndGlobalSection
	GlobalSection(ProjectConfigurationPlatforms) = postSolution
		{28CF94F7-26CF-48EE-969E-13ADDB78378B}.Debug|Any CPU.ActiveCfg = Debug|Any CPU
		{28CF94F7-26CF-48EE-969E-13ADDB78378B}.Debug|Any CPU.Build.0 = Debug|Any CPU
		{28CF94F7-26CF-48EE-969E-13ADDB78378B}.Release|Any CPU.ActiveCfg = Release|Any CPU
		{28CF94F7-26CF-48EE-969E-13ADDB78378B}.Release|Any CPU.Build.0 = Release|Any CPU
	EndGlobalSection
	GlobalSection(SolutionProperties) = preSolution
		HideSolutionNode = FALSE
	EndGlobalSection
	GlobalSection(ExtensibilityGlobals) = postSolution
		SolutionGuid = {F964DE7F-1D50-4356-B3BE-22571026D528}
	EndGlobalSection
EndGlobal
